
Microsoft Visual Studio Solution File, Format Version 12.00
# Visual Studio Version 16
VisualStudioVersion = 16.0.31911.196
MinimumVisualStudioVersion = 10.0.40219.1
Project("{FAE04EC0-301F-11D3-BF4B-00C04F79EFBC}") = "ADO.NET.Lab3", "ADO.NET.Lab3\ADO.NET.Lab3.csproj", "{6EAC460F-23F8-4265-881A-52AF6245658B}"
EndProject
Project("{FAE04EC0-301F-11D3-BF4B-00C04F79EFBC}") = "ADO.NET.Lab1_2", "..\ADO.NET.Lab1_2\ADO.NET.Lab1_2.csproj", "{218EE78F-9C0C-4130-BEA2-DBB19EA44F30}"
EndProject
Project("{FAE04EC0-301F-11D3-BF4B-00C04F79EFBC}") = "Lab4.1.DatasetDesigner", "..\ADO.NET.Lab4\Lab4.DatasetDesigner\Lab4.1.DatasetDesigner.csproj", "{BE4FBFEE-D7F8-4031-A3AC-210AB51458F1}"
EndProject
Project("{FAE04EC0-301F-11D3-BF4B-00C04F79EFBC}") = "Lab4.2.CreatingDataTable", "..\ADO.NET.Lab4\Lab4.2.CreatingDataTable\Lab4.2.CreatingDataTable.csproj", "{A9437663-E802-4207-9DE5-9E47F548EFB8}"
EndProject
Project("{FAE04EC0-301F-11D3-BF4B-00C04F79EFBC}") = "Lab4.3.DataAdapterProgramm", "..\ADO.NET.Lab4\Lab4.3\Lab4.3.DataAdapterProgramm.csproj", "{2BDB3AC5-4AE9-4AEB-A93E-A1B52E3F32A2}"
EndProject
Project("{FAE04EC0-301F-11D3-BF4B-00C04F79EFBC}") = "Lab4.4.DataAdapterWizard", "..\ADO.NET.Lab4\Lab4.4.DataAdapterWizard\Lab4.4.DataAdapterWizard.csproj", "{23AF7DD4-B053-401F-9486-B9383B6712B5}"
EndProject
Project("{FAE04EC0-301F-11D3-BF4B-00C04F79EFBC}") = "Lab4.5.WorkingdataTable", "..\ADO.NET.Lab4\Lab4.5.WorkingdataTable\Lab4.5.WorkingdataTable.csproj", "{362A76EB-B315-451D-AD1E-2B5396581477}"
EndProject
Project("{FAE04EC0-301F-11D3-BF4B-00C04F79EFBC}") = "Lab4.6.DataViewExample", "..\ADO.NET.Lab4\Lab4.6.DataViewExample\Lab4.6.DataViewExample.csproj", "{5DCFFA90-8467-407F-9668-BC65C5F41D23}"
EndProject
Project("{FAE04EC0-301F-11D3-BF4B-00C04F79EFBC}") = "Lab5.1.DataSourcesWizard", "..\ADO.NET.Lab5\Lab5.1\Lab5.1.DataSourcesWizard\Lab5.1.DataSourcesWizard.csproj", "{AD09CF87-FAC2-498A-9551-9D200E6EE514}"
EndProject
Project("{FAE04EC0-301F-11D3-BF4B-00C04F79EFBC}") = "Lab5.2.DataBindingSimple", "..\ADO.NET.Lab5\Lab5.2\Lab5.2.DataBindingSimple\Lab5.2.DataBindingSimple.csproj", "{BEC42C85-B905-4CD7-B606-EA0B231769A8}"
EndProject
Project("{FAE04EC0-301F-11D3-BF4B-00C04F79EFBC}") = "Lab5.3.DataBindingComplex", "..\ADO.NET.Lab5\Lab5.3.DataBindingComplex\Lab5.3.DataBindingComplex.csproj", "{671C9D83-8136-4E0A-B2DC-CA474CD8B294}"
EndProject
Project("{FAE04EC0-301F-11D3-BF4B-00C04F79EFBC}") = "Lab5.4.DataGridViewExample", "..\ADO.NET.Lab5\Lab5.4.DataGridViewExample\Lab5.4.DataGridViewExample.csproj", "{AC2C6D0F-3377-48A2-8EE7-6EF7BFE99FD4}"
EndProject
Project("{FAE04EC0-301F-11D3-BF4B-00C04F79EFBC}") = "Lab5.6.SavingDataSetXml", "..\ADO.NET.Lab5\Lab5.6.SavingDataSetXml\Lab5.6.SavingDataSetXml.csproj", "{FA91D127-5608-4776-B02F-29EEFE0036C6}"
EndProject
Project("{FAE04EC0-301F-11D3-BF4B-00C04F79EFBC}") = "Lab5.6.LoadDataSetXml", "..\ADO.NET.Lab5\Lab5.6.LoadDataSetXml\Lab5.6.LoadDataSetXml.csproj", "{32F612F8-9E53-405F-998B-058FAF8D7F85}"
EndProject
Project("{9A19103F-16F7-4668-BE54-9A1E7A4F7556}") = "Lab7.1.Linq_Student", "..\ADO.NET.Lab7\Linq_Student\Lab7.1.Linq_Student.csproj", "{37E8D22D-6042-435C-8312-704138B7A47A}"
EndProject
Project("{FAE04EC0-301F-11D3-BF4B-00C04F79EFBC}") = "Lab8.1-2.LINQsql_1", "..\ADO.NET.Lab8\Lab8.1.LINQsql_1\Lab8.1-2.LINQsql_1.csproj", "{3EC917A1-62CE-4A68-B536-4144E1A63162}"
EndProject
Project("{FAE04EC0-301F-11D3-BF4B-00C04F79EFBC}") = "Lab8.3.LINQsqlSproc", "..\ADO.NET.Lab8\Lab8.3.LINQsqlSproc\Lab8.3.LINQsqlSproc.csproj", "{A033DEB6-44F6-4220-8114-15587A75ABA3}"
EndProject
Project("{FAE04EC0-301F-11D3-BF4B-00C04F79EFBC}") = "Lab8.4.LINQsql_m", "..\ADO.NET.Lab8.4\Lab8.4.LINQsql_m\Lab8.4.LINQsql_m.csproj", "{CA10D9F4-6903-4DB7-A865-923EBB9B55B9}"
EndProject
Project("{FAE04EC0-301F-11D3-BF4B-00C04F79EFBC}") = "Lab9.1.CourseManager", "..\ADO.NET.Lab9\Lab9.1.CourseManager\Lab9.1.CourseManager.csproj", "{5587FAD1-D09B-4ED8-BF33-203599BF8172}"
EndProject
Project("{FAE04EC0-301F-11D3-BF4B-00C04F79EFBC}") = "Lab9.2.CustMan", "..\ADO.NET.Lab9\Lab9.2.CustMan\Lab9.2.CustMan.csproj", "{8C7CFBE8-EA5A-4D3A-899A-7E4BB90C64B5}"
EndProject
Project("{FAE04EC0-301F-11D3-BF4B-00C04F79EFBC}") = "Lab9.2.CodeFirst", "..\ADO.NET.Lab9\Lab9.2.CodeFirst\Lab9.2.CodeFirst.csproj", "{F67D84DB-7B41-400C-ADFC-030BE0267049}"
EndProject
Global
	GlobalSection(SolutionConfigurationPlatforms) = preSolution
		Debug|Any CPU = Debug|Any CPU
		Release|Any CPU = Release|Any CPU
	EndGlobalSection
	GlobalSection(ProjectConfigurationPlatforms) = postSolution
		{6EAC460F-23F8-4265-881A-52AF6245658B}.Debug|Any CPU.ActiveCfg = Debug|Any CPU
		{6EAC460F-23F8-4265-881A-52AF6245658B}.Debug|Any CPU.Build.0 = Debug|Any CPU
		{6EAC460F-23F8-4265-881A-52AF6245658B}.Release|Any CPU.ActiveCfg = Release|Any CPU
		{6EAC460F-23F8-4265-881A-52AF6245658B}.Release|Any CPU.Build.0 = Release|Any CPU
		{218EE78F-9C0C-4130-BEA2-DBB19EA44F30}.Debug|Any CPU.ActiveCfg = Debug|Any CPU
		{218EE78F-9C0C-4130-BEA2-DBB19EA44F30}.Debug|Any CPU.Build.0 = Debug|Any CPU
		{218EE78F-9C0C-4130-BEA2-DBB19EA44F30}.Release|Any CPU.ActiveCfg = Release|Any CPU
		{218EE78F-9C0C-4130-BEA2-DBB19EA44F30}.Release|Any CPU.Build.0 = Release|Any CPU
		{BE4FBFEE-D7F8-4031-A3AC-210AB51458F1}.Debug|Any CPU.ActiveCfg = Debug|Any CPU
		{BE4FBFEE-D7F8-4031-A3AC-210AB51458F1}.Debug|Any CPU.Build.0 = Debug|Any CPU
		{BE4FBFEE-D7F8-4031-A3AC-210AB51458F1}.Release|Any CPU.ActiveCfg = Release|Any CPU
		{BE4FBFEE-D7F8-4031-A3AC-210AB51458F1}.Release|Any CPU.Build.0 = Release|Any CPU
		{A9437663-E802-4207-9DE5-9E47F548EFB8}.Debug|Any CPU.ActiveCfg = Debug|Any CPU
		{A9437663-E802-4207-9DE5-9E47F548EFB8}.Debug|Any CPU.Build.0 = Debug|Any CPU
		{A9437663-E802-4207-9DE5-9E47F548EFB8}.Release|Any CPU.ActiveCfg = Release|Any CPU
		{A9437663-E802-4207-9DE5-9E47F548EFB8}.Release|Any CPU.Build.0 = Release|Any CPU
		{2BDB3AC5-4AE9-4AEB-A93E-A1B52E3F32A2}.Debug|Any CPU.ActiveCfg = Debug|Any CPU
		{2BDB3AC5-4AE9-4AEB-A93E-A1B52E3F32A2}.Debug|Any CPU.Build.0 = Debug|Any CPU
		{2BDB3AC5-4AE9-4AEB-A93E-A1B52E3F32A2}.Release|Any CPU.ActiveCfg = Release|Any CPU
		{2BDB3AC5-4AE9-4AEB-A93E-A1B52E3F32A2}.Release|Any CPU.Build.0 = Release|Any CPU
		{23AF7DD4-B053-401F-9486-B9383B6712B5}.Debug|Any CPU.ActiveCfg = Debug|Any CPU
		{23AF7DD4-B053-401F-9486-B9383B6712B5}.Debug|Any CPU.Build.0 = Debug|Any CPU
		{23AF7DD4-B053-401F-9486-B9383B6712B5}.Release|Any CPU.ActiveCfg = Release|Any CPU
		{23AF7DD4-B053-401F-9486-B9383B6712B5}.Release|Any CPU.Build.0 = Release|Any CPU
		{362A76EB-B315-451D-AD1E-2B5396581477}.Debug|Any CPU.ActiveCfg = Debug|Any CPU
		{362A76EB-B315-451D-AD1E-2B5396581477}.Debug|Any CPU.Build.0 = Debug|Any CPU
		{362A76EB-B315-451D-AD1E-2B5396581477}.Release|Any CPU.ActiveCfg = Release|Any CPU
		{362A76EB-B315-451D-AD1E-2B5396581477}.Release|Any CPU.Build.0 = Release|Any CPU
		{5DCFFA90-8467-407F-9668-BC65C5F41D23}.Debug|Any CPU.ActiveCfg = Debug|Any CPU
		{5DCFFA90-8467-407F-9668-BC65C5F41D23}.Debug|Any CPU.Build.0 = Debug|Any CPU
		{5DCFFA90-8467-407F-9668-BC65C5F41D23}.Release|Any CPU.ActiveCfg = Release|Any CPU
		{5DCFFA90-8467-407F-9668-BC65C5F41D23}.Release|Any CPU.Build.0 = Release|Any CPU
		{AD09CF87-FAC2-498A-9551-9D200E6EE514}.Debug|Any CPU.ActiveCfg = Debug|Any CPU
		{AD09CF87-FAC2-498A-9551-9D200E6EE514}.Debug|Any CPU.Build.0 = Debug|Any CPU
		{AD09CF87-FAC2-498A-9551-9D200E6EE514}.Release|Any CPU.ActiveCfg = Release|Any CPU
		{AD09CF87-FAC2-498A-9551-9D200E6EE514}.Release|Any CPU.Build.0 = Release|Any CPU
		{BEC42C85-B905-4CD7-B606-EA0B231769A8}.Debug|Any CPU.ActiveCfg = Debug|Any CPU
		{BEC42C85-B905-4CD7-B606-EA0B231769A8}.Debug|Any CPU.Build.0 = Debug|Any CPU
		{BEC42C85-B905-4CD7-B606-EA0B231769A8}.Release|Any CPU.ActiveCfg = Release|Any CPU
		{BEC42C85-B905-4CD7-B606-EA0B231769A8}.Release|Any CPU.Build.0 = Release|Any CPU
		{671C9D83-8136-4E0A-B2DC-CA474CD8B294}.Debug|Any CPU.ActiveCfg = Debug|Any CPU
		{671C9D83-8136-4E0A-B2DC-CA474CD8B294}.Debug|Any CPU.Build.0 = Debug|Any CPU
		{671C9D83-8136-4E0A-B2DC-CA474CD8B294}.Release|Any CPU.ActiveCfg = Release|Any CPU
		{671C9D83-8136-4E0A-B2DC-CA474CD8B294}.Release|Any CPU.Build.0 = Release|Any CPU
		{AC2C6D0F-3377-48A2-8EE7-6EF7BFE99FD4}.Debug|Any CPU.ActiveCfg = Debug|Any CPU
		{AC2C6D0F-3377-48A2-8EE7-6EF7BFE99FD4}.Debug|Any CPU.Build.0 = Debug|Any CPU
		{AC2C6D0F-3377-48A2-8EE7-6EF7BFE99FD4}.Release|Any CPU.ActiveCfg = Release|Any CPU
		{AC2C6D0F-3377-48A2-8EE7-6EF7BFE99FD4}.Release|Any CPU.Build.0 = Release|Any CPU
		{FA91D127-5608-4776-B02F-29EEFE0036C6}.Debug|Any CPU.ActiveCfg = Debug|Any CPU
		{FA91D127-5608-4776-B02F-29EEFE0036C6}.Debug|Any CPU.Build.0 = Debug|Any CPU
		{FA91D127-5608-4776-B02F-29EEFE0036C6}.Release|Any CPU.ActiveCfg = Release|Any CPU
		{FA91D127-5608-4776-B02F-29EEFE0036C6}.Release|Any CPU.Build.0 = Release|Any CPU
		{32F612F8-9E53-405F-998B-058FAF8D7F85}.Debug|Any CPU.ActiveCfg = Debug|Any CPU
		{32F612F8-9E53-405F-998B-058FAF8D7F85}.Debug|Any CPU.Build.0 = Debug|Any CPU
		{32F612F8-9E53-405F-998B-058FAF8D7F85}.Release|Any CPU.ActiveCfg = Release|Any CPU
		{32F612F8-9E53-405F-998B-058FAF8D7F85}.Release|Any CPU.Build.0 = Release|Any CPU
		{37E8D22D-6042-435C-8312-704138B7A47A}.Debug|Any CPU.ActiveCfg = Debug|Any CPU
		{37E8D22D-6042-435C-8312-704138B7A47A}.Debug|Any CPU.Build.0 = Debug|Any CPU
		{37E8D22D-6042-435C-8312-704138B7A47A}.Release|Any CPU.ActiveCfg = Release|Any CPU
		{37E8D22D-6042-435C-8312-704138B7A47A}.Release|Any CPU.Build.0 = Release|Any CPU
		{3EC917A1-62CE-4A68-B536-4144E1A63162}.Debug|Any CPU.ActiveCfg = Debug|Any CPU
		{3EC917A1-62CE-4A68-B536-4144E1A63162}.Debug|Any CPU.Build.0 = Debug|Any CPU
		{3EC917A1-62CE-4A68-B536-4144E1A63162}.Release|Any CPU.ActiveCfg = Release|Any CPU
		{3EC917A1-62CE-4A68-B536-4144E1A63162}.Release|Any CPU.Build.0 = Release|Any CPU
		{A033DEB6-44F6-4220-8114-15587A75ABA3}.Debug|Any CPU.ActiveCfg = Debug|Any CPU
		{A033DEB6-44F6-4220-8114-15587A75ABA3}.Debug|Any CPU.Build.0 = Debug|Any CPU
		{A033DEB6-44F6-4220-8114-15587A75ABA3}.Release|Any CPU.ActiveCfg = Release|Any CPU
		{A033DEB6-44F6-4220-8114-15587A75ABA3}.Release|Any CPU.Build.0 = Release|Any CPU
		{CA10D9F4-6903-4DB7-A865-923EBB9B55B9}.Debug|Any CPU.ActiveCfg = Debug|Any CPU
		{CA10D9F4-6903-4DB7-A865-923EBB9B55B9}.Debug|Any CPU.Build.0 = Debug|Any CPU
		{CA10D9F4-6903-4DB7-A865-923EBB9B55B9}.Release|Any CPU.ActiveCfg = Release|Any CPU
		{CA10D9F4-6903-4DB7-A865-923EBB9B55B9}.Release|Any CPU.Build.0 = Release|Any CPU
		{5587FAD1-D09B-4ED8-BF33-203599BF8172}.Debug|Any CPU.ActiveCfg = Debug|Any CPU
		{5587FAD1-D09B-4ED8-BF33-203599BF8172}.Debug|Any CPU.Build.0 = Debug|Any CPU
		{5587FAD1-D09B-4ED8-BF33-203599BF8172}.Release|Any CPU.ActiveCfg = Release|Any CPU
		{5587FAD1-D09B-4ED8-BF33-203599BF8172}.Release|Any CPU.Build.0 = Release|Any CPU
		{8C7CFBE8-EA5A-4D3A-899A-7E4BB90C64B5}.Debug|Any CPU.ActiveCfg = Debug|Any CPU
		{8C7CFBE8-EA5A-4D3A-899A-7E4BB90C64B5}.Debug|Any CPU.Build.0 = Debug|Any CPU
		{8C7CFBE8-EA5A-4D3A-899A-7E4BB90C64B5}.Release|Any CPU.ActiveCfg = Release|Any CPU
		{8C7CFBE8-EA5A-4D3A-899A-7E4BB90C64B5}.Release|Any CPU.Build.0 = Release|Any CPU
		{F67D84DB-7B41-400C-ADFC-030BE0267049}.Debug|Any CPU.ActiveCfg = Debug|Any CPU
		{F67D84DB-7B41-400C-ADFC-030BE0267049}.Debug|Any CPU.Build.0 = Debug|Any CPU
		{F67D84DB-7B41-400C-ADFC-030BE0267049}.Release|Any CPU.ActiveCfg = Release|Any CPU
		{F67D84DB-7B41-400C-ADFC-030BE0267049}.Release|Any CPU.Build.0 = Release|Any CPU
	EndGlobalSection
	GlobalSection(SolutionProperties) = preSolution
		HideSolutionNode = FALSE
	EndGlobalSection
	GlobalSection(ExtensibilityGlobals) = postSolution
		SolutionGuid = {F3810B75-58B6-4A06-9096-BBAAF93348D6}
	EndGlobalSection
EndGlobal
